
Microsoft Visual Studio Solution File, Format Version 12.00
# Visual Studio Version 17
VisualStudioVersion = 17.7.34031.279
MinimumVisualStudioVersion = 10.0.40219.1
Project("{2150E333-8FDC-42A3-9474-1A3956D46DE8}") = "Microservices", "Microservices", "{19638C0B-14E9-491B-AF84-740C9DEF5F69}"
EndProject
Project("{9A19103F-16F7-4668-BE54-9A1E7A4F7556}") = "UserManagement", "UserManagement\UserManagement.csproj", "{CF72917E-0831-4E58-8424-797A163A62C5}"
EndProject
Project("{E53339B2-1760-4266-BCC7-CA923CBCF16C}") = "docker-compose", "docker-compose.dcproj", "{15A6DA35-7E89-434E-9825-7A695319A1F3}"
EndProject
Project("{9A19103F-16F7-4668-BE54-9A1E7A4F7556}") = "ProductManagement", "ProductManagement\ProductManagement.csproj", "{FC1E27CF-CF19-4770-9DF5-BF7B3738D823}"
EndProject
Project("{2150E333-8FDC-42A3-9474-1A3956D46DE8}") = "ApiGateway", "ApiGateway", "{907A905A-6B5A-47F3-82FA-132B52CD7ABE}"
EndProject
Global
	GlobalSection(SolutionConfigurationPlatforms) = preSolution
		Debug|Any CPU = Debug|Any CPU
		Release|Any CPU = Release|Any CPU
	EndGlobalSection
	GlobalSection(ProjectConfigurationPlatforms) = postSolution
		{CF72917E-0831-4E58-8424-797A163A62C5}.Debug|Any CPU.ActiveCfg = Debug|Any CPU
		{CF72917E-0831-4E58-8424-797A163A62C5}.Debug|Any CPU.Build.0 = Debug|Any CPU
		{CF72917E-0831-4E58-8424-797A163A62C5}.Release|Any CPU.ActiveCfg = Release|Any CPU
		{CF72917E-0831-4E58-8424-797A163A62C5}.Release|Any CPU.Build.0 = Release|Any CPU
		{15A6DA35-7E89-434E-9825-7A695319A1F3}.Debug|Any CPU.ActiveCfg = Debug|Any CPU
		{15A6DA35-7E89-434E-9825-7A695319A1F3}.Debug|Any CPU.Build.0 = Debug|Any CPU
		{15A6DA35-7E89-434E-9825-7A695319A1F3}.Release|Any CPU.ActiveCfg = Release|Any CPU
		{15A6DA35-7E89-434E-9825-7A695319A1F3}.Release|Any CPU.Build.0 = Release|Any CPU
		{FC1E27CF-CF19-4770-9DF5-BF7B3738D823}.Debug|Any CPU.ActiveCfg = Debug|Any CPU
		{FC1E27CF-CF19-4770-9DF5-BF7B3738D823}.Debug|Any CPU.Build.0 = Debug|Any CPU
		{FC1E27CF-CF19-4770-9DF5-BF7B3738D823}.Release|Any CPU.ActiveCfg = Release|Any CPU
		{FC1E27CF-CF19-4770-9DF5-BF7B3738D823}.Release|Any CPU.Build.0 = Release|Any CPU
	EndGlobalSection
	GlobalSection(SolutionProperties) = preSolution
		HideSolutionNode = FALSE
	EndGlobalSection
	GlobalSection(NestedProjects) = preSolution
		{CF72917E-0831-4E58-8424-797A163A62C5} = {19638C0B-14E9-491B-AF84-740C9DEF5F69}
		{FC1E27CF-CF19-4770-9DF5-BF7B3738D823} = {19638C0B-14E9-491B-AF84-740C9DEF5F69}
	EndGlobalSection
	GlobalSection(ExtensibilityGlobals) = postSolution
		SolutionGuid = {F83A7865-D1CF-42F8-9D34-7F7FF839F6A9}
	EndGlobalSection
EndGlobal
